{
  "pins" : [
    {
      "identity" : "lottie-ios",
      "kind" : "remoteSourceControl",
      "location" : "https://github.com/airbnb/lottie-ios.git",
      "state" : {
        "branch" : "master",
        "revision" : "43a8c7ff7109fcc0bde6366e2778d880d8bc3a06"
      }
    }
  ],
  "version" : 2
}
